# This file is automatically @generated by Cargo.
# It is not intended for manual editing.
version = 3

[[package]]
name = "brainfuck"
version = "0.1.0"
dependencies = [
 "getch",
]

[[package]]
name = "getch"
version = "0.1.1"
source = "registry+https://github.com/rust-lang/crates.io-index"
checksum = "fdf8bd3f50b5db3f7aac456879b7d520662577fba651bbc00ca4fe32ff657b8d"
dependencies = [
 "libc",
 "termios",
]

[[package]]
name = "libc"
version = "0.2.107"
source = "registry+https://github.com/rust-lang/crates.io-index"
checksum = "fbe5e23404da5b4f555ef85ebed98fb4083e55a00c317800bc2a50ede9f3d219"

[[package]]
name = "termios"
version = "0.2.2"
source = "registry+https://github.com/rust-lang/crates.io-index"
checksum = "d5d9cf598a6d7ce700a4e6a9199da127e6819a61e64b68609683cc9a01b5683a"
dependencies = [
 "libc",
]
